
Microsoft Visual Studio Solution File, Format Version 12.00
# Visual Studio 14
VisualStudioVersion = 14.0.25420.1
MinimumVisualStudioVersion = 10.0.40219.1
Project("{FAE04EC0-301F-11D3-BF4B-00C04F79EFBC}") = "Server", "Server\Server.csproj", "{17847870-15AF-41AA-8F56-7B266877F35E}"
EndProject
Project("{FAE04EC0-301F-11D3-BF4B-00C04F79EFBC}") = "Klijent", "Klijent\Klijent.csproj", "{D8936E03-EDF8-4BEF-99D9-84D682158634}"
EndProject
Project("{FAE04EC0-301F-11D3-BF4B-00C04F79EFBC}") = "Uopsteno", "Uopsteno\Uopsteno.csproj", "{5CEB882F-15B6-44FB-88CB-25A1688FF560}"
EndProject
Global
	GlobalSection(SolutionConfigurationPlatforms) = preSolution
		Debug|Any CPU = Debug|Any CPU
		Release|Any CPU = Release|Any CPU
	EndGlobalSection
	GlobalSection(ProjectConfigurationPlatforms) = postSolution
		{17847870-15AF-41AA-8F56-7B266877F35E}.Debug|Any CPU.ActiveCfg = Debug|Any CPU
		{17847870-15AF-41AA-8F56-7B266877F35E}.Debug|Any CPU.Build.0 = Debug|Any CPU
		{17847870-15AF-41AA-8F56-7B266877F35E}.Release|Any CPU.ActiveCfg = Release|Any CPU
		{17847870-15AF-41AA-8F56-7B266877F35E}.Release|Any CPU.Build.0 = Release|Any CPU
		{D8936E03-EDF8-4BEF-99D9-84D682158634}.Debug|Any CPU.ActiveCfg = Debug|Any CPU
		{D8936E03-EDF8-4BEF-99D9-84D682158634}.Debug|Any CPU.Build.0 = Debug|Any CPU
		{D8936E03-EDF8-4BEF-99D9-84D682158634}.Release|Any CPU.ActiveCfg = Release|Any CPU
		{D8936E03-EDF8-4BEF-99D9-84D682158634}.Release|Any CPU.Build.0 = Release|Any CPU
		{5CEB882F-15B6-44FB-88CB-25A1688FF560}.Debug|Any CPU.ActiveCfg = Debug|Any CPU
		{5CEB882F-15B6-44FB-88CB-25A1688FF560}.Debug|Any CPU.Build.0 = Debug|Any CPU
		{5CEB882F-15B6-44FB-88CB-25A1688FF560}.Release|Any CPU.ActiveCfg = Release|Any CPU
		{5CEB882F-15B6-44FB-88CB-25A1688FF560}.Release|Any CPU.Build.0 = Release|Any CPU
	EndGlobalSection
	GlobalSection(SolutionProperties) = preSolution
		HideSolutionNode = FALSE
	EndGlobalSection
EndGlobal
